
Microsoft Visual Studio Solution File, Format Version 12.00
# Visual Studio Version 16
VisualStudioVersion = 16.0.29806.167
MinimumVisualStudioVersion = 10.0.40219.1
Project("{2150E333-8FDC-42A3-9474-1A3956D46DE8}") = "CleanArch.Application", "CleanArch.Application", "{8CBDB7AA-0F83-4274-9F7B-3DBB4272F301}"
EndProject
Project("{2150E333-8FDC-42A3-9474-1A3956D46DE8}") = "CleanArch.Domain", "CleanArch.Domain", "{EF668A4D-D50A-4D47-AC3D-B13D83C1CF68}"
EndProject
Project("{2150E333-8FDC-42A3-9474-1A3956D46DE8}") = "CleanArch.Infratucture.Data", "CleanArch.Infratucture.Data", "{81BCEC6C-39FE-41FD-8073-C88EB881D3D7}"
EndProject
Project("{2150E333-8FDC-42A3-9474-1A3956D46DE8}") = "CleanArch.Infratucture.IOC", "CleanArch.Infratucture.IOC", "{230F163A-D0F7-490A-B0A4-E3F49FCB9FEB}"
EndProject
Project("{2150E333-8FDC-42A3-9474-1A3956D46DE8}") = "CleanArch.UI.MVC", "CleanArch.UI.MVC", "{6952566E-3684-4BA9-B969-430B5B653D53}"
EndProject
Project("{FAE04EC0-301F-11D3-BF4B-00C04F79EFBC}") = "CleanArch.MVC", "CleanArch.MVC\CleanArch.MVC.csproj", "{4F095AB6-12AA-4A62-96F8-EB6717C6D278}"
EndProject
Global
	GlobalSection(SolutionConfigurationPlatforms) = preSolution
		Debug|Any CPU = Debug|Any CPU
		Release|Any CPU = Release|Any CPU
	EndGlobalSection
	GlobalSection(ProjectConfigurationPlatforms) = postSolution
		{4F095AB6-12AA-4A62-96F8-EB6717C6D278}.Debug|Any CPU.ActiveCfg = Debug|Any CPU
		{4F095AB6-12AA-4A62-96F8-EB6717C6D278}.Debug|Any CPU.Build.0 = Debug|Any CPU
		{4F095AB6-12AA-4A62-96F8-EB6717C6D278}.Release|Any CPU.ActiveCfg = Release|Any CPU
		{4F095AB6-12AA-4A62-96F8-EB6717C6D278}.Release|Any CPU.Build.0 = Release|Any CPU
	EndGlobalSection
	GlobalSection(SolutionProperties) = preSolution
		HideSolutionNode = FALSE
	EndGlobalSection
	GlobalSection(NestedProjects) = preSolution
		{4F095AB6-12AA-4A62-96F8-EB6717C6D278} = {6952566E-3684-4BA9-B969-430B5B653D53}
	EndGlobalSection
	GlobalSection(ExtensibilityGlobals) = postSolution
		SolutionGuid = {1D30B495-987C-4C02-AF70-BC12F0B3AE6A}
	EndGlobalSection
EndGlobal
